// !$*UTF8*$!
{
	archiveVersion = 1;
	classes = {
	};
	objectVersion = 55;
	objects = {

/* Begin PBXBuildFile section */
		CE7C328E27E0E82900FDFF2F /* WJCHomeVC.storyboard in Resources */ = {isa = PBXBuildFile; fileRef = CE7C329027E0E82900FDFF2F /* WJCHomeVC.storyboard */; };
		CE7C329427E0EAB100FDFF2F /* Localizable.strings in Resources */ = {isa = PBXBuildFile; fileRef = CE7C329627E0EAB100FDFF2F /* Localizable.strings */; };
		CEB2FD1227E126500049DEFE /* WaterJugChallengeTests_AI.swift in Sources */ = {isa = PBXBuildFile; fileRef = CEB2FD1127E126500049DEFE /* WaterJugChallengeTests_AI.swift */; };
		CEF725E827DFD4BB00D06237 /* AppDelegate.swift in Sources */ = {isa = PBXBuildFile; fileRef = CEF725E727DFD4BB00D06237 /* AppDelegate.swift */; };
		CEF725F127DFD4BD00D06237 /* Assets.xcassets in Resources */ = {isa = PBXBuildFile; fileRef = CEF725F027DFD4BD00D06237 /* Assets.xcassets */; };
		CEF725F427DFD4BD00D06237 /* LaunchScreen.storyboard in Resources */ = {isa = PBXBuildFile; fileRef = CEF725F227DFD4BD00D06237 /* LaunchScreen.storyboard */; };
		CEF725FF27DFD4BD00D06237 /* WaterJugChallengeTests_HomeUIFunctionality.swift in Sources */ = {isa = PBXBuildFile; fileRef = CEF725FE27DFD4BD00D06237 /* WaterJugChallengeTests_HomeUIFunctionality.swift */; };
		CEF7262127DFD89E00D06237 /* WJCHomeVC.swift in Sources */ = {isa = PBXBuildFile; fileRef = CEF7262027DFD89E00D06237 /* WJCHomeVC.swift */; };
		CEF7262427DFDB3C00D06237 /* WJCAI.swift in Sources */ = {isa = PBXBuildFile; fileRef = CEF7262327DFDB3C00D06237 /* WJCAI.swift */; };
		CEF7262527DFDB3C00D06237 /* WJCAI.swift in Sources */ = {isa = PBXBuildFile; fileRef = CEF7262327DFDB3C00D06237 /* WJCAI.swift */; };
		CEF7262727DFDB4D00D06237 /* WJCHomeVM.swift in Sources */ = {isa = PBXBuildFile; fileRef = CEF7262627DFDB4D00D06237 /* WJCHomeVM.swift */; };
		CEF7262827DFDB4D00D06237 /* WJCHomeVM.swift in Sources */ = {isa = PBXBuildFile; fileRef = CEF7262627DFDB4D00D06237 /* WJCHomeVM.swift */; };
/* End PBXBuildFile section */

/* Begin PBXContainerItemProxy section */
		CEF725FB27DFD4BD00D06237 /* PBXContainerItemProxy */ = {
			isa = PBXContainerItemProxy;
			containerPortal = CEF725DC27DFD4BB00D06237 /* Project object */;
			proxyType = 1;
			remoteGlobalIDString = CEF725E327DFD4BB00D06237;
			remoteInfo = WaterJugChallenge;
		};
/* End PBXContainerItemProxy section */

/* Begin PBXFileReference section */
		CE7C329127E0E83300FDFF2F /* Base */ = {isa = PBXFileReference; lastKnownFileType = file.storyboard; name = Base; path = Base.lproj/WJCHomeVC.storyboard; sourceTree = "<group>"; };
		CE7C329527E0EAB100FDFF2F /* en */ = {isa = PBXFileReference; lastKnownFileType = text.plist.strings; name = en; path = en.lproj/Localizable.strings; sourceTree = "<group>"; };
		CE7C329727E0EAD100FDFF2F /* es */ = {isa = PBXFileReference; lastKnownFileType = text.plist.strings; name = es; path = es.lproj/Localizable.strings; sourceTree = "<group>"; };
		CEB2FD1127E126500049DEFE /* WaterJugChallengeTests_AI.swift */ = {isa = PBXFileReference; lastKnownFileType = sourcecode.swift; path = WaterJugChallengeTests_AI.swift; sourceTree = "<group>"; };
		CEF725E427DFD4BB00D06237 /* WaterJugChallenge.app */ = {isa = PBXFileReference; explicitFileType = wrapper.application; includeInIndex = 0; path = WaterJugChallenge.app; sourceTree = BUILT_PRODUCTS_DIR; };
		CEF725E727DFD4BB00D06237 /* AppDelegate.swift */ = {isa = PBXFileReference; lastKnownFileType = sourcecode.swift; path = AppDelegate.swift; sourceTree = "<group>"; };
		CEF725F027DFD4BD00D06237 /* Assets.xcassets */ = {isa = PBXFileReference; lastKnownFileType = folder.assetcatalog; path = Assets.xcassets; sourceTree = "<group>"; };
		CEF725F327DFD4BD00D06237 /* Base */ = {isa = PBXFileReference; lastKnownFileType = file.storyboard; name = Base; path = Base.lproj/LaunchScreen.storyboard; sourceTree = "<group>"; };
		CEF725F527DFD4BD00D06237 /* Info.plist */ = {isa = PBXFileReference; lastKnownFileType = text.plist.xml; path = Info.plist; sourceTree = "<group>"; };
		CEF725FA27DFD4BD00D06237 /* WaterJugChallengeTests.xctest */ = {isa = PBXFileReference; explicitFileType = wrapper.cfbundle; includeInIndex = 0; path = WaterJugChallengeTests.xctest; sourceTree = BUILT_PRODUCTS_DIR; };
		CEF725FE27DFD4BD00D06237 /* WaterJugChallengeTests_HomeUIFunctionality.swift */ = {isa = PBXFileReference; lastKnownFileType = sourcecode.swift; path = WaterJugChallengeTests_HomeUIFunctionality.swift; sourceTree = "<group>"; };
		CEF7262027DFD89E00D06237 /* WJCHomeVC.swift */ = {isa = PBXFileReference; lastKnownFileType = sourcecode.swift; path = WJCHomeVC.swift; sourceTree = "<group>"; };
		CEF7262327DFDB3C00D06237 /* WJCAI.swift */ = {isa = PBXFileReference; fileEncoding = 4; lastKnownFileType = sourcecode.swift; path = WJCAI.swift; sourceTree = "<group>"; };
		CEF7262627DFDB4D00D06237 /* WJCHomeVM.swift */ = {isa = PBXFileReference; fileEncoding = 4; lastKnownFileType = sourcecode.swift; path = WJCHomeVM.swift; sourceTree = "<group>"; };
/* End PBXFileReference section */

/* Begin PBXFrameworksBuildPhase section */
		CEF725E127DFD4BB00D06237 /* Frameworks */ = {
			isa = PBXFrameworksBuildPhase;
			buildActionMask = 2147483647;
			files = (
			);
			runOnlyForDeploymentPostprocessing = 0;
		};
		CEF725F727DFD4BD00D06237 /* Frameworks */ = {
			isa = PBXFrameworksBuildPhase;
			buildActionMask = 2147483647;
			files = (
			);
			runOnlyForDeploymentPostprocessing = 0;
		};
/* End PBXFrameworksBuildPhase section */

/* Begin PBXGroup section */
		CE7C327B27E0E4FC00FDFF2F /* Resources */ = {
			isa = PBXGroup;
			children = (
				CE7C329627E0EAB100FDFF2F /* Localizable.strings */,
			);
			name = Resources;
			sourceTree = "<group>";
		};
		CEF725DB27DFD4BB00D06237 = {
			isa = PBXGroup;
			children = (
				CEF725E627DFD4BB00D06237 /* WaterJugChallenge */,
				CEF725FD27DFD4BD00D06237 /* WaterJugChallengeTests */,
				CEF725E527DFD4BB00D06237 /* Products */,
			);
			sourceTree = "<group>";
		};
		CEF725E527DFD4BB00D06237 /* Products */ = {
			isa = PBXGroup;
			children = (
				CEF725E427DFD4BB00D06237 /* WaterJugChallenge.app */,
				CEF725FA27DFD4BD00D06237 /* WaterJugChallengeTests.xctest */,
			);
			name = Products;
			sourceTree = "<group>";
		};
		CEF725E627DFD4BB00D06237 /* WaterJugChallenge */ = {
			isa = PBXGroup;
			children = (
				CE7C327B27E0E4FC00FDFF2F /* Resources */,
				CEF725E727DFD4BB00D06237 /* AppDelegate.swift */,
				CEF725F227DFD4BD00D06237 /* LaunchScreen.storyboard */,
				CEF7261A27DFD74400D06237 /* Logic */,
				CEF7261927DFD73A00D06237 /* Views */,
				CEF725F027DFD4BD00D06237 /* Assets.xcassets */,
				CEF725F527DFD4BD00D06237 /* Info.plist */,
			);
			path = WaterJugChallenge;
			sourceTree = "<group>";
		};
		CEF725FD27DFD4BD00D06237 /* WaterJugChallengeTests */ = {
			isa = PBXGroup;
			children = (
				CEB2FD1127E126500049DEFE /* WaterJugChallengeTests_AI.swift */,
				CEF725FE27DFD4BD00D06237 /* WaterJugChallengeTests_HomeUIFunctionality.swift */,
			);
			path = WaterJugChallengeTests;
			sourceTree = "<group>";
		};
		CEF7261927DFD73A00D06237 /* Views */ = {
			isa = PBXGroup;
			children = (
				CEF7262627DFDB4D00D06237 /* WJCHomeVM.swift */,
				CEF7262027DFD89E00D06237 /* WJCHomeVC.swift */,
				CE7C329027E0E82900FDFF2F /* WJCHomeVC.storyboard */,
			);
			name = Views;
			sourceTree = "<group>";
		};
		CEF7261A27DFD74400D06237 /* Logic */ = {
			isa = PBXGroup;
			children = (
				CEF7262327DFDB3C00D06237 /* WJCAI.swift */,
			);
			path = Logic;
			sourceTree = "<group>";
		};
/* End PBXGroup section */

/* Begin PBXNativeTarget section */
		CEF725E327DFD4BB00D06237 /* WaterJugChallenge */ = {
			isa = PBXNativeTarget;
			buildConfigurationList = CEF7260E27DFD4BD00D06237 /* Build configuration list for PBXNativeTarget "WaterJugChallenge" */;
			buildPhases = (
				CEF725E027DFD4BB00D06237 /* Sources */,
				CEF725E127DFD4BB00D06237 /* Frameworks */,
				CEF725E227DFD4BB00D06237 /* Resources */,
			);
			buildRules = (
			);
			dependencies = (
			);
			name = WaterJugChallenge;
			productName = WaterJugChallenge;
			productReference = CEF725E427DFD4BB00D06237 /* WaterJugChallenge.app */;
			productType = "com.apple.product-type.application";
		};
		CEF725F927DFD4BD00D06237 /* WaterJugChallengeTests */ = {
			isa = PBXNativeTarget;
			buildConfigurationList = CEF7261127DFD4BD00D06237 /* Build configuration list for PBXNativeTarget "WaterJugChallengeTests" */;
			buildPhases = (
				CEF725F627DFD4BD00D06237 /* Sources */,
				CEF725F727DFD4BD00D06237 /* Frameworks */,
				CEF725F827DFD4BD00D06237 /* Resources */,
			);
			buildRules = (
			);
			dependencies = (
				CEF725FC27DFD4BD00D06237 /* PBXTargetDependency */,
			);
			name = WaterJugChallengeTests;
			productName = WaterJugChallengeTests;
			productReference = CEF725FA27DFD4BD00D06237 /* WaterJugChallengeTests.xctest */;
			productType = "com.apple.product-type.bundle.unit-test";
		};
/* End PBXNativeTarget section */

/* Begin PBXProject section */
		CEF725DC27DFD4BB00D06237 /* Project object */ = {
			isa = PBXProject;
			attributes = {
				BuildIndependentTargetsInParallel = 1;
				LastSwiftUpdateCheck = 1320;
				LastUpgradeCheck = 1320;
				TargetAttributes = {
					CEF725E327DFD4BB00D06237 = {
						CreatedOnToolsVersion = 13.2.1;
					};
					CEF725F927DFD4BD00D06237 = {
						CreatedOnToolsVersion = 13.2.1;
						TestTargetID = CEF725E327DFD4BB00D06237;
					};
				};
			};
			buildConfigurationList = CEF725DF27DFD4BB00D06237 /* Build configuration list for PBXProject "WaterJugChallenge" */;
			compatibilityVersion = "Xcode 13.0";
			developmentRegion = en;
			hasScannedForEncodings = 0;
			knownRegions = (
				en,
				Base,
				es,
			);
			mainGroup = CEF725DB27DFD4BB00D06237;
			productRefGroup = CEF725E527DFD4BB00D06237 /* Products */;
			projectDirPath = "";
			projectRoot = "";
			targets = (
				CEF725E327DFD4BB00D06237 /* WaterJugChallenge */,
				CEF725F927DFD4BD00D06237 /* WaterJugChallengeTests */,
			);
		};
/* End PBXProject section */

/* Begin PBXResourcesBuildPhase section */
		CEF725E227DFD4BB00D06237 /* Resources */ = {
			isa = PBXResourcesBuildPhase;
			buildActionMask = 2147483647;
			files = (
				CE7C328E27E0E82900FDFF2F /* WJCHomeVC.storyboard in Resources */,
				CE7C329427E0EAB100FDFF2F /* Localizable.strings in Resources */,
				CEF725F427DFD4BD00D06237 /* LaunchScreen.storyboard in Resources */,
				CEF725F127DFD4BD00D06237 /* Assets.xcassets in Resources */,
			);
			runOnlyForDeploymentPostprocessing = 0;
		};
		CEF725F827DFD4BD00D06237 /* Resources */ = {
			isa = PBXResourcesBuildPhase;
			buildActionMask = 2147483647;
			files = (
			);
			runOnlyForDeploymentPostprocessing = 0;
		};
/* End PBXResourcesBuildPhase section */

/* Begin PBXSourcesBuildPhase section */
		CEF725E027DFD4BB00D06237 /* Sources */ = {
			isa = PBXSourcesBuildPhase;
			buildActionMask = 2147483647;
			files = (
				CEF7262127DFD89E00D06237 /* WJCHomeVC.swift in Sources */,
				CEF725E827DFD4BB00D06237 /* AppDelegate.swift in Sources */,
				CEF7262727DFDB4D00D06237 /* WJCHomeVM.swift in Sources */,
				CEF7262427DFDB3C00D06237 /* WJCAI.swift in Sources */,
			);
			runOnlyForDeploymentPostprocessing = 0;
		};
		CEF725F627DFD4BD00D06237 /* Sources */ = {
			isa = PBXSourcesBuildPhase;
			buildActionMask = 2147483647;
			files = (
				CEF725FF27DFD4BD00D06237 /* WaterJugChallengeTests_HomeUIFunctionality.swift in Sources */,
				CEF7262827DFDB4D00D06237 /* WJCHomeVM.swift in Sources */,
				CEB2FD1227E126500049DEFE /* WaterJugChallengeTests_AI.swift in Sources */,
				CEF7262527DFDB3C00D06237 /* WJCAI.swift in Sources */,
			);
			runOnlyForDeploymentPostprocessing = 0;
		};
/* End PBXSourcesBuildPhase section */

/* Begin PBXTargetDependency section */
		CEF725FC27DFD4BD00D06237 /* PBXTargetDependency */ = {
			isa = PBXTargetDependency;
			target = CEF725E327DFD4BB00D06237 /* WaterJugChallenge */;
			targetProxy = CEF725FB27DFD4BD00D06237 /* PBXContainerItemProxy */;
		};
/* End PBXTargetDependency section */

/* Begin PBXVariantGroup section */
		CE7C329027E0E82900FDFF2F /* WJCHomeVC.storyboard */ = {
			isa = PBXVariantGroup;
			children = (
				CE7C329127E0E83300FDFF2F /* Base */,
			);
			name = WJCHomeVC.storyboard;
			sourceTree = "<group>";
		};
		CE7C329627E0EAB100FDFF2F /* Localizable.strings */ = {
			isa = PBXVariantGroup;
			children = (
				CE7C329527E0EAB100FDFF2F /* en */,
				CE7C329727E0EAD100FDFF2F /* es */,
			);
			name = Localizable.strings;
			sourceTree = "<group>";
		};
		CEF725F227DFD4BD00D06237 /* LaunchScreen.storyboard */ = {
			isa = PBXVariantGroup;
			children = (
				CEF725F327DFD4BD00D06237 /* Base */,
			);
			name = LaunchScreen.storyboard;
			sourceTree = "<group>";
		};
/* End PBXVariantGroup section */

/* Begin XCBuildConfiguration section */
		CEF7260C27DFD4BD00D06237 /* Debug */ = {
			isa = XCBuildConfiguration;
			buildSettings = {
				ALWAYS_SEARCH_USER_PATHS = NO;
				CLANG_ANALYZER_LOCALIZABILITY_NONLOCALIZED = YES;
				CLANG_ANALYZER_NONNULL = YES;
				CLANG_ANALYZER_NUMBER_OBJECT_CONVERSION = YES_AGGRESSIVE;
				CLANG_CXX_LANGUAGE_STANDARD = "gnu++17";
				CLANG_CXX_LIBRARY = "libc++";
				CLANG_ENABLE_MODULES = YES;
				CLANG_ENABLE_OBJC_ARC = YES;
				CLANG_ENABLE_OBJC_WEAK = YES;
				CLANG_WARN_BLOCK_CAPTURE_AUTORELEASING = YES;
				CLANG_WARN_BOOL_CONVERSION = YES;
				CLANG_WARN_COMMA = YES;
				CLANG_WARN_CONSTANT_CONVERSION = YES;
				CLANG_WARN_DEPRECATED_OBJC_IMPLEMENTATIONS = YES;
				CLANG_WARN_DIRECT_OBJC_ISA_USAGE = YES_ERROR;
				CLANG_WARN_DOCUMENTATION_COMMENTS = YES;
				CLANG_WARN_EMPTY_BODY = YES;
				CLANG_WARN_ENUM_CONVERSION = YES;
				CLANG_WARN_INFINITE_RECURSION = YES;
				CLANG_WARN_INT_CONVERSION = YES;
				CLANG_WARN_NON_LITERAL_NULL_CONVERSION = YES;
				CLANG_WARN_OBJC_IMPLICIT_RETAIN_SELF = YES;
				CLANG_WARN_OBJC_LITERAL_CONVERSION = YES;
				CLANG_WARN_OBJC_ROOT_CLASS = YES_ERROR;
				CLANG_WARN_QUOTED_INCLUDE_IN_FRAMEWORK_HEADER = YES;
				CLANG_WARN_RANGE_LOOP_ANALYSIS = YES;
				CLANG_WARN_STRICT_PROTOTYPES = YES;
				CLANG_WARN_SUSPICIOUS_MOVE = YES;
				CLANG_WARN_UNGUARDED_AVAILABILITY = YES_AGGRESSIVE;
				CLANG_WARN_UNREACHABLE_CODE = YES;
				CLANG_WARN__DUPLICATE_METHOD_MATCH = YES;
				COPY_PHASE_STRIP = NO;
				DEBUG_INFORMATION_FORMAT = dwarf;
				ENABLE_STRICT_OBJC_MSGSEND = YES;
				ENABLE_TESTABILITY = YES;
				GCC_C_LANGUAGE_STANDARD = gnu11;
				GCC_DYNAMIC_NO_PIC = NO;
				GCC_NO_COMMON_BLOCKS = YES;
				GCC_OPTIMIZATION_LEVEL = 0;
				GCC_PREPROCESSOR_DEFINITIONS = (
					"DEBUG=1",
					"$(inherited)",
				);
				GCC_WARN_64_TO_32_BIT_CONVERSION = YES;
				GCC_WARN_ABOUT_RETURN_TYPE = YES_ERROR;
				GCC_WARN_UNDECLARED_SELECTOR = YES;
				GCC_WARN_UNINITIALIZED_AUTOS = YES_AGGRESSIVE;
				GCC_WARN_UNUSED_FUNCTION = YES;
				GCC_WARN_UNUSED_VARIABLE = YES;
				IPHONEOS_DEPLOYMENT_TARGET = 14.6;
				MTL_ENABLE_DEBUG_INFO = INCLUDE_SOURCE;
				MTL_FAST_MATH = YES;
				ONLY_ACTIVE_ARCH = YES;
				SDKROOT = iphoneos;
				SWIFT_ACTIVE_COMPILATION_CONDITIONS = DEBUG;
				SWIFT_OPTIMIZATION_LEVEL = "-Onone";
			};
			name = Debug;
		};
		CEF7260D27DFD4BD00D06237 /* Release */ = {
			isa = XCBuildConfiguration;
			buildSettings = {
				ALWAYS_SEARCH_USER_PATHS = NO;
				CLANG_ANALYZER_LOCALIZABILITY_NONLOCALIZED = YES;
				CLANG_ANALYZER_NONNULL = YES;
				CLANG_ANALYZER_NUMBER_OBJECT_CONVERSION = YES_AGGRESSIVE;
				CLANG_CXX_LANGUAGE_STANDARD = "gnu++17";
				CLANG_CXX_LIBRARY = "libc++";
				CLANG_ENABLE_MODULES = YES;
				CLANG_ENABLE_OBJC_ARC = YES;
				CLANG_ENABLE_OBJC_WEAK = YES;
				CLANG_WARN_BLOCK_CAPTURE_AUTORELEASING = YES;
				CLANG_WARN_BOOL_CONVERSION = YES;
				CLANG_WARN_COMMA = YES;
				CLANG_WARN_CONSTANT_CONVERSION = YES;
				CLANG_WARN_DEPRECATED_OBJC_IMPLEMENTATIONS = YES;
				CLANG_WARN_DIRECT_OBJC_ISA_USAGE = YES_ERROR;
				CLANG_WARN_DOCUMENTATION_COMMENTS = YES;
				CLANG_WARN_EMPTY_BODY = YES;
				CLANG_WARN_ENUM_CONVERSION = YES;
				CLANG_WARN_INFINITE_RECURSION = YES;
				CLANG_WARN_INT_CONVERSION = YES;
				CLANG_WARN_NON_LITERAL_NULL_CONVERSION = YES;
				CLANG_WARN_OBJC_IMPLICIT_RETAIN_SELF = YES;
				CLANG_WARN_OBJC_LITERAL_CONVERSION = YES;
				CLANG_WARN_OBJC_ROOT_CLASS = YES_ERROR;
				CLANG_WARN_QUOTED_INCLUDE_IN_FRAMEWORK_HEADER = YES;
				CLANG_WARN_RANGE_LOOP_ANALYSIS = YES;
				CLANG_WARN_STRICT_PROTOTYPES = YES;
				CLANG_WARN_SUSPICIOUS_MOVE = YES;
				CLANG_WARN_UNGUARDED_AVAILABILITY = YES_AGGRESSIVE;
				CLANG_WARN_UNREACHABLE_CODE = YES;
				CLANG_WARN__DUPLICATE_METHOD_MATCH = YES;
				COPY_PHASE_STRIP = NO;
				DEBUG_INFORMATION_FORMAT = "dwarf-with-dsym";
				ENABLE_NS_ASSERTIONS = NO;
				ENABLE_STRICT_OBJC_MSGSEND = YES;
				GCC_C_LANGUAGE_STANDARD = gnu11;
				GCC_NO_COMMON_BLOCKS = YES;
				GCC_WARN_64_TO_32_BIT_CONVERSION = YES;
				GCC_WARN_ABOUT_RETURN_TYPE = YES_ERROR;
				GCC_WARN_UNDECLARED_SELECTOR = YES;
				GCC_WARN_UNINITIALIZED_AUTOS = YES_AGGRESSIVE;
				GCC_WARN_UNUSED_FUNCTION = YES;
				GCC_WARN_UNUSED_VARIABLE = YES;
				IPHONEOS_DEPLOYMENT_TARGET = 14.6;
				MTL_ENABLE_DEBUG_INFO = NO;
				MTL_FAST_MATH = YES;
				SDKROOT = iphoneos;
				SWIFT_COMPILATION_MODE = wholemodule;
				SWIFT_OPTIMIZATION_LEVEL = "-O";
				VALIDATE_PRODUCT = YES;
			};
			name = Release;
		};
		CEF7260F27DFD4BD00D06237 /* Debug */ = {
			isa = XCBuildConfiguration;
			buildSettings = {
				ASSETCATALOG_COMPILER_APPICON_NAME = AppIcon;
				CODE_SIGN_STYLE = Automatic;
				CURRENT_PROJECT_VERSION = 1;
				DEVELOPMENT_TEAM = 4JV77VTV84;
				GENERATE_INFOPLIST_FILE = YES;
				INFOPLIST_FILE = WaterJugChallenge/Info.plist;
				INFOPLIST_KEY_CFBundleDisplayName = WJC;
				INFOPLIST_KEY_UIApplicationSupportsIndirectInputEvents = YES;
				INFOPLIST_KEY_UILaunchStoryboardName = LaunchScreen;
				INFOPLIST_KEY_UIMainStoryboardFile = WJCHomeVC;
				INFOPLIST_KEY_UISupportedInterfaceOrientations = UIInterfaceOrientationPortrait;
				INFOPLIST_KEY_UISupportedInterfaceOrientations_iPad = "UIInterfaceOrientationPortrait UIInterfaceOrientationPortraitUpsideDown UIInterfaceOrientationLandscapeLeft UIInterfaceOrientationLandscapeRight";
				INFOPLIST_KEY_UISupportedInterfaceOrientations_iPhone = "UIInterfaceOrientationPortrait UIInterfaceOrientationLandscapeLeft UIInterfaceOrientationLandscapeRight";
				LD_RUNPATH_SEARCH_PATHS = (
					"$(inherited)",
					"@executable_path/Frameworks",
				);
				MARKETING_VERSION = 1.0;
				PRODUCT_BUNDLE_IDENTIFIER = carlos.peralta.2022.WJC;
				PRODUCT_NAME = "$(TARGET_NAME)";
				SWIFT_EMIT_LOC_STRINGS = YES;
				SWIFT_VERSION = 5.0;
				TARGETED_DEVICE_FAMILY = 1;
			};
			name = Debug;
		};
		CEF7261027DFD4BD00D06237 /* Release */ = {
			isa = XCBuildConfiguration;
			buildSettings = {
				ASSETCATALOG_COMPILER_APPICON_NAME = AppIcon;
				CODE_SIGN_STYLE = Automatic;
				CURRENT_PROJECT_VERSION = 1;
				DEVELOPMENT_TEAM = 4JV77VTV84;
				GENERATE_INFOPLIST_FILE = YES;
				INFOPLIST_FILE = WaterJugChallenge/Info.plist;
				INFOPLIST_KEY_CFBundleDisplayName = WJC;
				INFOPLIST_KEY_UIApplicationSupportsIndirectInputEvents = YES;
				INFOPLIST_KEY_UILaunchStoryboardName = LaunchScreen;
				INFOPLIST_KEY_UIMainStoryboardFile = WJCHomeVC;
				INFOPLIST_KEY_UISupportedInterfaceOrientations = UIInterfaceOrientationPortrait;
				INFOPLIST_KEY_UISupportedInterfaceOrientations_iPad = "UIInterfaceOrientationPortrait UIInterfaceOrientationPortraitUpsideDown UIInterfaceOrientationLandscapeLeft UIInterfaceOrientationLandscapeRight";
				INFOPLIST_KEY_UISupportedInterfaceOrientations_iPhone = "UIInterfaceOrientationPortrait UIInterfaceOrientationLandscapeLeft UIInterfaceOrientationLandscapeRight";
				LD_RUNPATH_SEARCH_PATHS = (
					"$(inherited)",
					"@executable_path/Frameworks",
				);
				MARKETING_VERSION = 1.0;
				PRODUCT_BUNDLE_IDENTIFIER = carlos.peralta.2022.WJC;
				PRODUCT_NAME = "$(TARGET_NAME)";
				SWIFT_EMIT_LOC_STRINGS = YES;
				SWIFT_VERSION = 5.0;
				TARGETED_DEVICE_FAMILY = 1;
			};
			name = Release;
		};
		CEF7261227DFD4BD00D06237 /* Debug */ = {
			isa = XCBuildConfiguration;
			buildSettings = {
				ALWAYS_EMBED_SWIFT_STANDARD_LIBRARIES = YES;
				BUNDLE_LOADER = "$(TEST_HOST)";
				CODE_SIGN_IDENTITY = "Apple Development";
				"CODE_SIGN_IDENTITY[sdk=macosx*]" = "Apple Development";
				CODE_SIGN_STYLE = Automatic;
				CURRENT_PROJECT_VERSION = 1;
				DEVELOPMENT_TEAM = 4JV77VTV84;
				GENERATE_INFOPLIST_FILE = YES;
				IPHONEOS_DEPLOYMENT_TARGET = 14.6;
				MARKETING_VERSION = 1.0;
				PRODUCT_BUNDLE_IDENTIFIER = water.jug.challenge.WaterJugChallengeTests;
				"PRODUCT_BUNDLE_IDENTIFIER[sdk=macosx*]" = "";
				PRODUCT_NAME = "$(TARGET_NAME)";
				PROVISIONING_PROFILE_SPECIFIER = "";
				"PROVISIONING_PROFILE_SPECIFIER[sdk=macosx*]" = "";
				SWIFT_EMIT_LOC_STRINGS = NO;
				SWIFT_VERSION = 5.0;
				TARGETED_DEVICE_FAMILY = "1,2";
				TEST_HOST = "$(BUILT_PRODUCTS_DIR)/WaterJugChallenge.app/WaterJugChallenge";
			};
			name = Debug;
		};
		CEF7261327DFD4BD00D06237 /* Release */ = {
			isa = XCBuildConfiguration;
			buildSettings = {
				ALWAYS_EMBED_SWIFT_STANDARD_LIBRARIES = YES;
				BUNDLE_LOADER = "$(TEST_HOST)";
				CODE_SIGN_IDENTITY = "Apple Development";
				"CODE_SIGN_IDENTITY[sdk=macosx*]" = "Apple Development";
				CODE_SIGN_STYLE = Automatic;
				CURRENT_PROJECT_VERSION = 1;
				DEVELOPMENT_TEAM = 4JV77VTV84;
				GENERATE_INFOPLIST_FILE = YES;
				IPHONEOS_DEPLOYMENT_TARGET = 14.6;
				MARKETING_VERSION = 1.0;
				PRODUCT_BUNDLE_IDENTIFIER = water.jug.challenge.WaterJugChallengeTests;
				"PRODUCT_BUNDLE_IDENTIFIER[sdk=macosx*]" = "";
				PRODUCT_NAME = "$(TARGET_NAME)";
				PROVISIONING_PROFILE_SPECIFIER = "";
				"PROVISIONING_PROFILE_SPECIFIER[sdk=macosx*]" = "";
				SWIFT_EMIT_LOC_STRINGS = NO;
				SWIFT_VERSION = 5.0;
				TARGETED_DEVICE_FAMILY = "1,2";
				TEST_HOST = "$(BUILT_PRODUCTS_DIR)/WaterJugChallenge.app/WaterJugChallenge";
			};
			name = Release;
		};
/* End XCBuildConfiguration section */

/* Begin XCConfigurationList section */
		CEF725DF27DFD4BB00D06237 /* Build configuration list for PBXProject "WaterJugChallenge" */ = {
			isa = XCConfigurationList;
			buildConfigurations = (
				CEF7260C27DFD4BD00D06237 /* Debug */,
				CEF7260D27DFD4BD00D06237 /* Release */,
			);
			defaultConfigurationIsVisible = 0;
			defaultConfigurationName = Release;
		};
		CEF7260E27DFD4BD00D06237 /* Build configuration list for PBXNativeTarget "WaterJugChallenge" */ = {
			isa = XCConfigurationList;
			buildConfigurations = (
				CEF7260F27DFD4BD00D06237 /* Debug */,
				CEF7261027DFD4BD00D06237 /* Release */,
			);
			defaultConfigurationIsVisible = 0;
			defaultConfigurationName = Release;
		};
		CEF7261127DFD4BD00D06237 /* Build configuration list for PBXNativeTarget "WaterJugChallengeTests" */ = {
			isa = XCConfigurationList;
			buildConfigurations = (
				CEF7261227DFD4BD00D06237 /* Debug */,
				CEF7261327DFD4BD00D06237 /* Release */,
			);
			defaultConfigurationIsVisible = 0;
			defaultConfigurationName = Release;
		};
/* End XCConfigurationList section */
	};
	rootObject = CEF725DC27DFD4BB00D06237 /* Project object */;
}
