// !$*UTF8*$!
{
	archiveVersion = 1;
	classes = {
	};
	objectVersion = 55;
	objects = {

/* Begin PBXBuildFile section */
		CEF725E827DFD4BB00D06237 /* AppDelegate.swift in Sources */ = {isa = PBXBuildFile; fileRef = CEF725E727DFD4BB00D06237 /* AppDelegate.swift */; };
		CEF725EA27DFD4BB00D06237 /* SceneDelegate.swift in Sources */ = {isa = PBXBuildFile; fileRef = CEF725E927DFD4BB00D06237 /* SceneDelegate.swift */; };
		CEF725EC27DFD4BB00D06237 /* ViewController.swift in Sources */ = {isa = PBXBuildFile; fileRef = CEF725EB27DFD4BB00D06237 /* ViewController.swift */; };
		CEF725EF27DFD4BB00D06237 /* Main.storyboard in Resources */ = {isa = PBXBuildFile; fileRef = CEF725ED27DFD4BB00D06237 /* Main.storyboard */; };
		CEF725F127DFD4BD00D06237 /* Assets.xcassets in Resources */ = {isa = PBXBuildFile; fileRef = CEF725F027DFD4BD00D06237 /* Assets.xcassets */; };
		CEF725F427DFD4BD00D06237 /* LaunchScreen.storyboard in Resources */ = {isa = PBXBuildFile; fileRef = CEF725F227DFD4BD00D06237 /* LaunchScreen.storyboard */; };
		CEF725FF27DFD4BD00D06237 /* WaterJugChallengeTests.swift in Sources */ = {isa = PBXBuildFile; fileRef = CEF725FE27DFD4BD00D06237 /* WaterJugChallengeTests.swift */; };
		CEF7260927DFD4BD00D06237 /* WaterJugChallengeUITests.swift in Sources */ = {isa = PBXBuildFile; fileRef = CEF7260827DFD4BD00D06237 /* WaterJugChallengeUITests.swift */; };
		CEF7260B27DFD4BD00D06237 /* WaterJugChallengeUITestsLaunchTests.swift in Sources */ = {isa = PBXBuildFile; fileRef = CEF7260A27DFD4BD00D06237 /* WaterJugChallengeUITestsLaunchTests.swift */; };
/* End PBXBuildFile section */

/* Begin PBXContainerItemProxy section */
		CEF725FB27DFD4BD00D06237 /* PBXContainerItemProxy */ = {
			isa = PBXContainerItemProxy;
			containerPortal = CEF725DC27DFD4BB00D06237 /* Project object */;
			proxyType = 1;
			remoteGlobalIDString = CEF725E327DFD4BB00D06237;
			remoteInfo = WaterJugChallenge;
		};
		CEF7260527DFD4BD00D06237 /* PBXContainerItemProxy */ = {
			isa = PBXContainerItemProxy;
			containerPortal = CEF725DC27DFD4BB00D06237 /* Project object */;
			proxyType = 1;
			remoteGlobalIDString = CEF725E327DFD4BB00D06237;
			remoteInfo = WaterJugChallenge;
		};
/* End PBXContainerItemProxy section */

/* Begin PBXFileReference section */
		CEF725E427DFD4BB00D06237 /* WaterJugChallenge.app */ = {isa = PBXFileReference; explicitFileType = wrapper.application; includeInIndex = 0; path = WaterJugChallenge.app; sourceTree = BUILT_PRODUCTS_DIR; };
		CEF725E727DFD4BB00D06237 /* AppDelegate.swift */ = {isa = PBXFileReference; lastKnownFileType = sourcecode.swift; path = AppDelegate.swift; sourceTree = "<group>"; };
		CEF725E927DFD4BB00D06237 /* SceneDelegate.swift */ = {isa = PBXFileReference; lastKnownFileType = sourcecode.swift; path = SceneDelegate.swift; sourceTree = "<group>"; };
		CEF725EB27DFD4BB00D06237 /* ViewController.swift */ = {isa = PBXFileReference; lastKnownFileType = sourcecode.swift; path = ViewController.swift; sourceTree = "<group>"; };
		CEF725EE27DFD4BB00D06237 /* Base */ = {isa = PBXFileReference; lastKnownFileType = file.storyboard; name = Base; path = Base.lproj/Main.storyboard; sourceTree = "<group>"; };
		CEF725F027DFD4BD00D06237 /* Assets.xcassets */ = {isa = PBXFileReference; lastKnownFileType = folder.assetcatalog; path = Assets.xcassets; sourceTree = "<group>"; };
		CEF725F327DFD4BD00D06237 /* Base */ = {isa = PBXFileReference; lastKnownFileType = file.storyboard; name = Base; path = Base.lproj/LaunchScreen.storyboard; sourceTree = "<group>"; };
		CEF725F527DFD4BD00D06237 /* Info.plist */ = {isa = PBXFileReference; lastKnownFileType = text.plist.xml; path = Info.plist; sourceTree = "<group>"; };
		CEF725FA27DFD4BD00D06237 /* WaterJugChallengeTests.xctest */ = {isa = PBXFileReference; explicitFileType = wrapper.cfbundle; includeInIndex = 0; path = WaterJugChallengeTests.xctest; sourceTree = BUILT_PRODUCTS_DIR; };
		CEF725FE27DFD4BD00D06237 /* WaterJugChallengeTests.swift */ = {isa = PBXFileReference; lastKnownFileType = sourcecode.swift; path = WaterJugChallengeTests.swift; sourceTree = "<group>"; };
		CEF7260427DFD4BD00D06237 /* WaterJugChallengeUITests.xctest */ = {isa = PBXFileReference; explicitFileType = wrapper.cfbundle; includeInIndex = 0; path = WaterJugChallengeUITests.xctest; sourceTree = BUILT_PRODUCTS_DIR; };
		CEF7260827DFD4BD00D06237 /* WaterJugChallengeUITests.swift */ = {isa = PBXFileReference; lastKnownFileType = sourcecode.swift; path = WaterJugChallengeUITests.swift; sourceTree = "<group>"; };
		CEF7260A27DFD4BD00D06237 /* WaterJugChallengeUITestsLaunchTests.swift */ = {isa = PBXFileReference; lastKnownFileType = sourcecode.swift; path = WaterJugChallengeUITestsLaunchTests.swift; sourceTree = "<group>"; };
/* End PBXFileReference section */

/* Begin PBXFrameworksBuildPhase section */
		CEF725E127DFD4BB00D06237 /* Frameworks */ = {
			isa = PBXFrameworksBuildPhase;
			buildActionMask = 2147483647;
			files = (
			);
			runOnlyForDeploymentPostprocessing = 0;
		};
		CEF725F727DFD4BD00D06237 /* Frameworks */ = {
			isa = PBXFrameworksBuildPhase;
			buildActionMask = 2147483647;
			files = (
			);
			runOnlyForDeploymentPostprocessing = 0;
		};
		CEF7260127DFD4BD00D06237 /* Frameworks */ = {
			isa = PBXFrameworksBuildPhase;
			buildActionMask = 2147483647;
			files = (
			);
			runOnlyForDeploymentPostprocessing = 0;
		};
/* End PBXFrameworksBuildPhase section */

/* Begin PBXGroup section */
		CEF725DB27DFD4BB00D06237 = {
			isa = PBXGroup;
			children = (
				CEF725E627DFD4BB00D06237 /* WaterJugChallenge */,
				CEF725FD27DFD4BD00D06237 /* WaterJugChallengeTests */,
				CEF7260727DFD4BD00D06237 /* WaterJugChallengeUITests */,
				CEF725E527DFD4BB00D06237 /* Products */,
			);
			sourceTree = "<group>";
		};
		CEF725E527DFD4BB00D06237 /* Products */ = {
			isa = PBXGroup;
			children = (
				CEF725E427DFD4BB00D06237 /* WaterJugChallenge.app */,
				CEF725FA27DFD4BD00D06237 /* WaterJugChallengeTests.xctest */,
				CEF7260427DFD4BD00D06237 /* WaterJugChallengeUITests.xctest */,
			);
			name = Products;
			sourceTree = "<group>";
		};
		CEF725E627DFD4BB00D06237 /* WaterJugChallenge */ = {
			isa = PBXGroup;
			children = (
				CEF725E727DFD4BB00D06237 /* AppDelegate.swift */,
				CEF725E927DFD4BB00D06237 /* SceneDelegate.swift */,
				CEF725EB27DFD4BB00D06237 /* ViewController.swift */,
				CEF725ED27DFD4BB00D06237 /* Main.storyboard */,
				CEF725F027DFD4BD00D06237 /* Assets.xcassets */,
				CEF725F227DFD4BD00D06237 /* LaunchScreen.storyboard */,
				CEF725F527DFD4BD00D06237 /* Info.plist */,
			);
			path = WaterJugChallenge;
			sourceTree = "<group>";
		};
		CEF725FD27DFD4BD00D06237 /* WaterJugChallengeTests */ = {
			isa = PBXGroup;
			children = (
				CEF725FE27DFD4BD00D06237 /* WaterJugChallengeTests.swift */,
			);
			path = WaterJugChallengeTests;
			sourceTree = "<group>";
		};
		CEF7260727DFD4BD00D06237 /* WaterJugChallengeUITests */ = {
			isa = PBXGroup;
			children = (
				CEF7260827DFD4BD00D06237 /* WaterJugChallengeUITests.swift */,
				CEF7260A27DFD4BD00D06237 /* WaterJugChallengeUITestsLaunchTests.swift */,
			);
			path = WaterJugChallengeUITests;
			sourceTree = "<group>";
		};
/* End PBXGroup section */

/* Begin PBXNativeTarget section */
		CEF725E327DFD4BB00D06237 /* WaterJugChallenge */ = {
			isa = PBXNativeTarget;
			buildConfigurationList = CEF7260E27DFD4BD00D06237 /* Build configuration list for PBXNativeTarget "WaterJugChallenge" */;
			buildPhases = (
				CEF725E027DFD4BB00D06237 /* Sources */,
				CEF725E127DFD4BB00D06237 /* Frameworks */,
				CEF725E227DFD4BB00D06237 /* Resources */,
			);
			buildRules = (
			);
			dependencies = (
			);
			name = WaterJugChallenge;
			productName = WaterJugChallenge;
			productReference = CEF725E427DFD4BB00D06237 /* WaterJugChallenge.app */;
			productType = "com.apple.product-type.application";
		};
		CEF725F927DFD4BD00D06237 /* WaterJugChallengeTests */ = {
			isa = PBXNativeTarget;
			buildConfigurationList = CEF7261127DFD4BD00D06237 /* Build configuration list for PBXNativeTarget "WaterJugChallengeTests" */;
			buildPhases = (
				CEF725F627DFD4BD00D06237 /* Sources */,
				CEF725F727DFD4BD00D06237 /* Frameworks */,
				CEF725F827DFD4BD00D06237 /* Resources */,
			);
			buildRules = (
			);
			dependencies = (
				CEF725FC27DFD4BD00D06237 /* PBXTargetDependency */,
			);
			name = WaterJugChallengeTests;
			productName = WaterJugChallengeTests;
			productReference = CEF725FA27DFD4BD00D06237 /* WaterJugChallengeTests.xctest */;
			productType = "com.apple.product-type.bundle.unit-test";
		};
		CEF7260327DFD4BD00D06237 /* WaterJugChallengeUITests */ = {
			isa = PBXNativeTarget;
			buildConfigurationList = CEF7261427DFD4BD00D06237 /* Build configuration list for PBXNativeTarget "WaterJugChallengeUITests" */;
			buildPhases = (
				CEF7260027DFD4BD00D06237 /* Sources */,
				CEF7260127DFD4BD00D06237 /* Frameworks */,
				CEF7260227DFD4BD00D06237 /* Resources */,
			);
			buildRules = (
			);
			dependencies = (
				CEF7260627DFD4BD00D06237 /* PBXTargetDependency */,
			);
			name = WaterJugChallengeUITests;
			productName = WaterJugChallengeUITests;
			productReference = CEF7260427DFD4BD00D06237 /* WaterJugChallengeUITests.xctest */;
			productType = "com.apple.product-type.bundle.ui-testing";
		};
/* End PBXNativeTarget section */

/* Begin PBXProject section */
		CEF725DC27DFD4BB00D06237 /* Project object */ = {
			isa = PBXProject;
			attributes = {
				BuildIndependentTargetsInParallel = 1;
				LastSwiftUpdateCheck = 1320;
				LastUpgradeCheck = 1320;
				TargetAttributes = {
					CEF725E327DFD4BB00D06237 = {
						CreatedOnToolsVersion = 13.2.1;
					};
					CEF725F927DFD4BD00D06237 = {
						CreatedOnToolsVersion = 13.2.1;
						TestTargetID = CEF725E327DFD4BB00D06237;
					};
					CEF7260327DFD4BD00D06237 = {
						CreatedOnToolsVersion = 13.2.1;
						TestTargetID = CEF725E327DFD4BB00D06237;
					};
				};
			};
			buildConfigurationList = CEF725DF27DFD4BB00D06237 /* Build configuration list for PBXProject "WaterJugChallenge" */;
			compatibilityVersion = "Xcode 13.0";
			developmentRegion = en;
			hasScannedForEncodings = 0;
			knownRegions = (
				en,
				Base,
			);
			mainGroup = CEF725DB27DFD4BB00D06237;
			productRefGroup = CEF725E527DFD4BB00D06237 /* Products */;
			projectDirPath = "";
			projectRoot = "";
			targets = (
				CEF725E327DFD4BB00D06237 /* WaterJugChallenge */,
				CEF725F927DFD4BD00D06237 /* WaterJugChallengeTests */,
				CEF7260327DFD4BD00D06237 /* WaterJugChallengeUITests */,
			);
		};
/* End PBXProject section */

/* Begin PBXResourcesBuildPhase section */
		CEF725E227DFD4BB00D06237 /* Resources */ = {
			isa = PBXResourcesBuildPhase;
			buildActionMask = 2147483647;
			files = (
				CEF725F427DFD4BD00D06237 /* LaunchScreen.storyboard in Resources */,
				CEF725F127DFD4BD00D06237 /* Assets.xcassets in Resources */,
				CEF725EF27DFD4BB00D06237 /* Main.storyboard in Resources */,
			);
			runOnlyForDeploymentPostprocessing = 0;
		};
		CEF725F827DFD4BD00D06237 /* Resources */ = {
			isa = PBXResourcesBuildPhase;
			buildActionMask = 2147483647;
			files = (
			);
			runOnlyForDeploymentPostprocessing = 0;
		};
		CEF7260227DFD4BD00D06237 /* Resources */ = {
			isa = PBXResourcesBuildPhase;
			buildActionMask = 2147483647;
			files = (
			);
			runOnlyForDeploymentPostprocessing = 0;
		};
/* End PBXResourcesBuildPhase section */

/* Begin PBXSourcesBuildPhase section */
		CEF725E027DFD4BB00D06237 /* Sources */ = {
			isa = PBXSourcesBuildPhase;
			buildActionMask = 2147483647;
			files = (
				CEF725EC27DFD4BB00D06237 /* ViewController.swift in Sources */,
				CEF725E827DFD4BB00D06237 /* AppDelegate.swift in Sources */,
				CEF725EA27DFD4BB00D06237 /* SceneDelegate.swift in Sources */,
			);
			runOnlyForDeploymentPostprocessing = 0;
		};
		CEF725F627DFD4BD00D06237 /* Sources */ = {
			isa = PBXSourcesBuildPhase;
			buildActionMask = 2147483647;
			files = (
				CEF725FF27DFD4BD00D06237 /* WaterJugChallengeTests.swift in Sources */,
			);
			runOnlyForDeploymentPostprocessing = 0;
		};
		CEF7260027DFD4BD00D06237 /* Sources */ = {
			isa = PBXSourcesBuildPhase;
			buildActionMask = 2147483647;
			files = (
				CEF7260927DFD4BD00D06237 /* WaterJugChallengeUITests.swift in Sources */,
				CEF7260B27DFD4BD00D06237 /* WaterJugChallengeUITestsLaunchTests.swift in Sources */,
			);
			runOnlyForDeploymentPostprocessing = 0;
		};
/* End PBXSourcesBuildPhase section */

/* Begin PBXTargetDependency section */
		CEF725FC27DFD4BD00D06237 /* PBXTargetDependency */ = {
			isa = PBXTargetDependency;
			target = CEF725E327DFD4BB00D06237 /* WaterJugChallenge */;
			targetProxy = CEF725FB27DFD4BD00D06237 /* PBXContainerItemProxy */;
		};
		CEF7260627DFD4BD00D06237 /* PBXTargetDependency */ = {
			isa = PBXTargetDependency;
			target = CEF725E327DFD4BB00D06237 /* WaterJugChallenge */;
			targetProxy = CEF7260527DFD4BD00D06237 /* PBXContainerItemProxy */;
		};
/* End PBXTargetDependency section */

/* Begin PBXVariantGroup section */
		CEF725ED27DFD4BB00D06237 /* Main.storyboard */ = {
			isa = PBXVariantGroup;
			children = (
				CEF725EE27DFD4BB00D06237 /* Base */,
			);
			name = Main.storyboard;
			sourceTree = "<group>";
		};
		CEF725F227DFD4BD00D06237 /* LaunchScreen.storyboard */ = {
			isa = PBXVariantGroup;
			children = (
				CEF725F327DFD4BD00D06237 /* Base */,
			);
			name = LaunchScreen.storyboard;
			sourceTree = "<group>";
		};
/* End PBXVariantGroup section */

/* Begin XCBuildConfiguration section */
		CEF7260C27DFD4BD00D06237 /* Debug */ = {
			isa = XCBuildConfiguration;
			buildSettings = {
				ALWAYS_SEARCH_USER_PATHS = NO;
				CLANG_ANALYZER_NONNULL = YES;
				CLANG_ANALYZER_NUMBER_OBJECT_CONVERSION = YES_AGGRESSIVE;
				CLANG_CXX_LANGUAGE_STANDARD = "gnu++17";
				CLANG_CXX_LIBRARY = "libc++";
				CLANG_ENABLE_MODULES = YES;
				CLANG_ENABLE_OBJC_ARC = YES;
				CLANG_ENABLE_OBJC_WEAK = YES;
				CLANG_WARN_BLOCK_CAPTURE_AUTORELEASING = YES;
				CLANG_WARN_BOOL_CONVERSION = YES;
				CLANG_WARN_COMMA = YES;
				CLANG_WARN_CONSTANT_CONVERSION = YES;
				CLANG_WARN_DEPRECATED_OBJC_IMPLEMENTATIONS = YES;
				CLANG_WARN_DIRECT_OBJC_ISA_USAGE = YES_ERROR;
				CLANG_WARN_DOCUMENTATION_COMMENTS = YES;
				CLANG_WARN_EMPTY_BODY = YES;
				CLANG_WARN_ENUM_CONVERSION = YES;
				CLANG_WARN_INFINITE_RECURSION = YES;
				CLANG_WARN_INT_CONVERSION = YES;
				CLANG_WARN_NON_LITERAL_NULL_CONVERSION = YES;
				CLANG_WARN_OBJC_IMPLICIT_RETAIN_SELF = YES;
				CLANG_WARN_OBJC_LITERAL_CONVERSION = YES;
				CLANG_WARN_OBJC_ROOT_CLASS = YES_ERROR;
				CLANG_WARN_QUOTED_INCLUDE_IN_FRAMEWORK_HEADER = YES;
				CLANG_WARN_RANGE_LOOP_ANALYSIS = YES;
				CLANG_WARN_STRICT_PROTOTYPES = YES;
				CLANG_WARN_SUSPICIOUS_MOVE = YES;
				CLANG_WARN_UNGUARDED_AVAILABILITY = YES_AGGRESSIVE;
				CLANG_WARN_UNREACHABLE_CODE = YES;
				CLANG_WARN__DUPLICATE_METHOD_MATCH = YES;
				COPY_PHASE_STRIP = NO;
				DEBUG_INFORMATION_FORMAT = dwarf;
				ENABLE_STRICT_OBJC_MSGSEND = YES;
				ENABLE_TESTABILITY = YES;
				GCC_C_LANGUAGE_STANDARD = gnu11;
				GCC_DYNAMIC_NO_PIC = NO;
				GCC_NO_COMMON_BLOCKS = YES;
				GCC_OPTIMIZATION_LEVEL = 0;
				GCC_PREPROCESSOR_DEFINITIONS = (
					"DEBUG=1",
					"$(inherited)",
				);
				GCC_WARN_64_TO_32_BIT_CONVERSION = YES;
				GCC_WARN_ABOUT_RETURN_TYPE = YES_ERROR;
				GCC_WARN_UNDECLARED_SELECTOR = YES;
				GCC_WARN_UNINITIALIZED_AUTOS = YES_AGGRESSIVE;
				GCC_WARN_UNUSED_FUNCTION = YES;
				GCC_WARN_UNUSED_VARIABLE = YES;
				IPHONEOS_DEPLOYMENT_TARGET = 15.2;
				MTL_ENABLE_DEBUG_INFO = INCLUDE_SOURCE;
				MTL_FAST_MATH = YES;
				ONLY_ACTIVE_ARCH = YES;
				SDKROOT = iphoneos;
				SWIFT_ACTIVE_COMPILATION_CONDITIONS = DEBUG;
				SWIFT_OPTIMIZATION_LEVEL = "-Onone";
			};
			name = Debug;
		};
		CEF7260D27DFD4BD00D06237 /* Release */ = {
			isa = XCBuildConfiguration;
			buildSettings = {
				ALWAYS_SEARCH_USER_PATHS = NO;
				CLANG_ANALYZER_NONNULL = YES;
				CLANG_ANALYZER_NUMBER_OBJECT_CONVERSION = YES_AGGRESSIVE;
				CLANG_CXX_LANGUAGE_STANDARD = "gnu++17";
				CLANG_CXX_LIBRARY = "libc++";
				CLANG_ENABLE_MODULES = YES;
				CLANG_ENABLE_OBJC_ARC = YES;
				CLANG_ENABLE_OBJC_WEAK = YES;
				CLANG_WARN_BLOCK_CAPTURE_AUTORELEASING = YES;
				CLANG_WARN_BOOL_CONVERSION = YES;
				CLANG_WARN_COMMA = YES;
				CLANG_WARN_CONSTANT_CONVERSION = YES;
				CLANG_WARN_DEPRECATED_OBJC_IMPLEMENTATIONS = YES;
				CLANG_WARN_DIRECT_OBJC_ISA_USAGE = YES_ERROR;
				CLANG_WARN_DOCUMENTATION_COMMENTS = YES;
				CLANG_WARN_EMPTY_BODY = YES;
				CLANG_WARN_ENUM_CONVERSION = YES;
				CLANG_WARN_INFINITE_RECURSION = YES;
				CLANG_WARN_INT_CONVERSION = YES;
				CLANG_WARN_NON_LITERAL_NULL_CONVERSION = YES;
				CLANG_WARN_OBJC_IMPLICIT_RETAIN_SELF = YES;
				CLANG_WARN_OBJC_LITERAL_CONVERSION = YES;
				CLANG_WARN_OBJC_ROOT_CLASS = YES_ERROR;
				CLANG_WARN_QUOTED_INCLUDE_IN_FRAMEWORK_HEADER = YES;
				CLANG_WARN_RANGE_LOOP_ANALYSIS = YES;
				CLANG_WARN_STRICT_PROTOTYPES = YES;
				CLANG_WARN_SUSPICIOUS_MOVE = YES;
				CLANG_WARN_UNGUARDED_AVAILABILITY = YES_AGGRESSIVE;
				CLANG_WARN_UNREACHABLE_CODE = YES;
				CLANG_WARN__DUPLICATE_METHOD_MATCH = YES;
				COPY_PHASE_STRIP = NO;
				DEBUG_INFORMATION_FORMAT = "dwarf-with-dsym";
				ENABLE_NS_ASSERTIONS = NO;
				ENABLE_STRICT_OBJC_MSGSEND = YES;
				GCC_C_LANGUAGE_STANDARD = gnu11;
				GCC_NO_COMMON_BLOCKS = YES;
				GCC_WARN_64_TO_32_BIT_CONVERSION = YES;
				GCC_WARN_ABOUT_RETURN_TYPE = YES_ERROR;
				GCC_WARN_UNDECLARED_SELECTOR = YES;
				GCC_WARN_UNINITIALIZED_AUTOS = YES_AGGRESSIVE;
				GCC_WARN_UNUSED_FUNCTION = YES;
				GCC_WARN_UNUSED_VARIABLE = YES;
				IPHONEOS_DEPLOYMENT_TARGET = 15.2;
				MTL_ENABLE_DEBUG_INFO = NO;
				MTL_FAST_MATH = YES;
				SDKROOT = iphoneos;
				SWIFT_COMPILATION_MODE = wholemodule;
				SWIFT_OPTIMIZATION_LEVEL = "-O";
				VALIDATE_PRODUCT = YES;
			};
			name = Release;
		};
		CEF7260F27DFD4BD00D06237 /* Debug */ = {
			isa = XCBuildConfiguration;
			buildSettings = {
				ASSETCATALOG_COMPILER_APPICON_NAME = AppIcon;
				ASSETCATALOG_COMPILER_GLOBAL_ACCENT_COLOR_NAME = AccentColor;
				CODE_SIGN_STYLE = Automatic;
				CURRENT_PROJECT_VERSION = 1;
				DEVELOPMENT_TEAM = 9NV4X42BXD;
				GENERATE_INFOPLIST_FILE = YES;
				INFOPLIST_FILE = WaterJugChallenge/Info.plist;
				INFOPLIST_KEY_UIApplicationSupportsIndirectInputEvents = YES;
				INFOPLIST_KEY_UILaunchStoryboardName = LaunchScreen;
				INFOPLIST_KEY_UIMainStoryboardFile = Main;
				INFOPLIST_KEY_UISupportedInterfaceOrientations_iPad = "UIInterfaceOrientationPortrait UIInterfaceOrientationPortraitUpsideDown UIInterfaceOrientationLandscapeLeft UIInterfaceOrientationLandscapeRight";
				INFOPLIST_KEY_UISupportedInterfaceOrientations_iPhone = "UIInterfaceOrientationPortrait UIInterfaceOrientationLandscapeLeft UIInterfaceOrientationLandscapeRight";
				LD_RUNPATH_SEARCH_PATHS = (
					"$(inherited)",
					"@executable_path/Frameworks",
				);
				MARKETING_VERSION = 1.0;
				PRODUCT_BUNDLE_IDENTIFIER = water.jug.challenge.WaterJugChallenge;
				PRODUCT_NAME = "$(TARGET_NAME)";
				SWIFT_EMIT_LOC_STRINGS = YES;
				SWIFT_VERSION = 5.0;
				TARGETED_DEVICE_FAMILY = "1,2";
			};
			name = Debug;
		};
		CEF7261027DFD4BD00D06237 /* Release */ = {
			isa = XCBuildConfiguration;
			buildSettings = {
				ASSETCATALOG_COMPILER_APPICON_NAME = AppIcon;
				ASSETCATALOG_COMPILER_GLOBAL_ACCENT_COLOR_NAME = AccentColor;
				CODE_SIGN_STYLE = Automatic;
				CURRENT_PROJECT_VERSION = 1;
				DEVELOPMENT_TEAM = 9NV4X42BXD;
				GENERATE_INFOPLIST_FILE = YES;
				INFOPLIST_FILE = WaterJugChallenge/Info.plist;
				INFOPLIST_KEY_UIApplicationSupportsIndirectInputEvents = YES;
				INFOPLIST_KEY_UILaunchStoryboardName = LaunchScreen;
				INFOPLIST_KEY_UIMainStoryboardFile = Main;
				INFOPLIST_KEY_UISupportedInterfaceOrientations_iPad = "UIInterfaceOrientationPortrait UIInterfaceOrientationPortraitUpsideDown UIInterfaceOrientationLandscapeLeft UIInterfaceOrientationLandscapeRight";
				INFOPLIST_KEY_UISupportedInterfaceOrientations_iPhone = "UIInterfaceOrientationPortrait UIInterfaceOrientationLandscapeLeft UIInterfaceOrientationLandscapeRight";
				LD_RUNPATH_SEARCH_PATHS = (
					"$(inherited)",
					"@executable_path/Frameworks",
				);
				MARKETING_VERSION = 1.0;
				PRODUCT_BUNDLE_IDENTIFIER = water.jug.challenge.WaterJugChallenge;
				PRODUCT_NAME = "$(TARGET_NAME)";
				SWIFT_EMIT_LOC_STRINGS = YES;
				SWIFT_VERSION = 5.0;
				TARGETED_DEVICE_FAMILY = "1,2";
			};
			name = Release;
		};
		CEF7261227DFD4BD00D06237 /* Debug */ = {
			isa = XCBuildConfiguration;
			buildSettings = {
				ALWAYS_EMBED_SWIFT_STANDARD_LIBRARIES = YES;
				BUNDLE_LOADER = "$(TEST_HOST)";
				CODE_SIGN_STYLE = Automatic;
				CURRENT_PROJECT_VERSION = 1;
				DEVELOPMENT_TEAM = 9NV4X42BXD;
				GENERATE_INFOPLIST_FILE = YES;
				IPHONEOS_DEPLOYMENT_TARGET = 15.2;
				MARKETING_VERSION = 1.0;
				PRODUCT_BUNDLE_IDENTIFIER = water.jug.challenge.WaterJugChallengeTests;
				PRODUCT_NAME = "$(TARGET_NAME)";
				SWIFT_EMIT_LOC_STRINGS = NO;
				SWIFT_VERSION = 5.0;
				TARGETED_DEVICE_FAMILY = "1,2";
				TEST_HOST = "$(BUILT_PRODUCTS_DIR)/WaterJugChallenge.app/WaterJugChallenge";
			};
			name = Debug;
		};
		CEF7261327DFD4BD00D06237 /* Release */ = {
			isa = XCBuildConfiguration;
			buildSettings = {
				ALWAYS_EMBED_SWIFT_STANDARD_LIBRARIES = YES;
				BUNDLE_LOADER = "$(TEST_HOST)";
				CODE_SIGN_STYLE = Automatic;
				CURRENT_PROJECT_VERSION = 1;
				DEVELOPMENT_TEAM = 9NV4X42BXD;
				GENERATE_INFOPLIST_FILE = YES;
				IPHONEOS_DEPLOYMENT_TARGET = 15.2;
				MARKETING_VERSION = 1.0;
				PRODUCT_BUNDLE_IDENTIFIER = water.jug.challenge.WaterJugChallengeTests;
				PRODUCT_NAME = "$(TARGET_NAME)";
				SWIFT_EMIT_LOC_STRINGS = NO;
				SWIFT_VERSION = 5.0;
				TARGETED_DEVICE_FAMILY = "1,2";
				TEST_HOST = "$(BUILT_PRODUCTS_DIR)/WaterJugChallenge.app/WaterJugChallenge";
			};
			name = Release;
		};
		CEF7261527DFD4BD00D06237 /* Debug */ = {
			isa = XCBuildConfiguration;
			buildSettings = {
				ALWAYS_EMBED_SWIFT_STANDARD_LIBRARIES = YES;
				CODE_SIGN_STYLE = Automatic;
				CURRENT_PROJECT_VERSION = 1;
				DEVELOPMENT_TEAM = 9NV4X42BXD;
				GENERATE_INFOPLIST_FILE = YES;
				MARKETING_VERSION = 1.0;
				PRODUCT_BUNDLE_IDENTIFIER = water.jug.challenge.WaterJugChallengeUITests;
				PRODUCT_NAME = "$(TARGET_NAME)";
				SWIFT_EMIT_LOC_STRINGS = NO;
				SWIFT_VERSION = 5.0;
				TARGETED_DEVICE_FAMILY = "1,2";
				TEST_TARGET_NAME = WaterJugChallenge;
			};
			name = Debug;
		};
		CEF7261627DFD4BD00D06237 /* Release */ = {
			isa = XCBuildConfiguration;
			buildSettings = {
				ALWAYS_EMBED_SWIFT_STANDARD_LIBRARIES = YES;
				CODE_SIGN_STYLE = Automatic;
				CURRENT_PROJECT_VERSION = 1;
				DEVELOPMENT_TEAM = 9NV4X42BXD;
				GENERATE_INFOPLIST_FILE = YES;
				MARKETING_VERSION = 1.0;
				PRODUCT_BUNDLE_IDENTIFIER = water.jug.challenge.WaterJugChallengeUITests;
				PRODUCT_NAME = "$(TARGET_NAME)";
				SWIFT_EMIT_LOC_STRINGS = NO;
				SWIFT_VERSION = 5.0;
				TARGETED_DEVICE_FAMILY = "1,2";
				TEST_TARGET_NAME = WaterJugChallenge;
			};
			name = Release;
		};
/* End XCBuildConfiguration section */

/* Begin XCConfigurationList section */
		CEF725DF27DFD4BB00D06237 /* Build configuration list for PBXProject "WaterJugChallenge" */ = {
			isa = XCConfigurationList;
			buildConfigurations = (
				CEF7260C27DFD4BD00D06237 /* Debug */,
				CEF7260D27DFD4BD00D06237 /* Release */,
			);
			defaultConfigurationIsVisible = 0;
			defaultConfigurationName = Release;
		};
		CEF7260E27DFD4BD00D06237 /* Build configuration list for PBXNativeTarget "WaterJugChallenge" */ = {
			isa = XCConfigurationList;
			buildConfigurations = (
				CEF7260F27DFD4BD00D06237 /* Debug */,
				CEF7261027DFD4BD00D06237 /* Release */,
			);
			defaultConfigurationIsVisible = 0;
			defaultConfigurationName = Release;
		};
		CEF7261127DFD4BD00D06237 /* Build configuration list for PBXNativeTarget "WaterJugChallengeTests" */ = {
			isa = XCConfigurationList;
			buildConfigurations = (
				CEF7261227DFD4BD00D06237 /* Debug */,
				CEF7261327DFD4BD00D06237 /* Release */,
			);
			defaultConfigurationIsVisible = 0;
			defaultConfigurationName = Release;
		};
		CEF7261427DFD4BD00D06237 /* Build configuration list for PBXNativeTarget "WaterJugChallengeUITests" */ = {
			isa = XCConfigurationList;
			buildConfigurations = (
				CEF7261527DFD4BD00D06237 /* Debug */,
				CEF7261627DFD4BD00D06237 /* Release */,
			);
			defaultConfigurationIsVisible = 0;
			defaultConfigurationName = Release;
		};
/* End XCConfigurationList section */
	};
	rootObject = CEF725DC27DFD4BB00D06237 /* Project object */;
}
